
Microsoft Visual Studio Solution File, Format Version 12.00
# Visual Studio Version 17
VisualStudioVersion = 17.3.32929.385
MinimumVisualStudioVersion = 10.0.40219.1
Project("{9A19103F-16F7-4668-BE54-9A1E7A4F7556}") = "MappersBenchmark", "MappersBenchmark\MappersBenchmark.csproj", "{DB02044E-BD7B-4EE0-90E6-626276AF66F1}"
EndProject
Project("{2150E333-8FDC-42A3-9474-1A3956D46DE8}") = "Solution Items", "Solution Items", "{815B7D0A-C1E6-48AA-A1AF-271BA1313918}"
	ProjectSection(SolutionItems) = preProject
		ReadMe.md = ReadMe.md
	EndProjectSection
EndProject
Global
	GlobalSection(SolutionConfigurationPlatforms) = preSolution
		Debug|Any CPU = Debug|Any CPU
		Release|Any CPU = Release|Any CPU
	EndGlobalSection
	GlobalSection(ProjectConfigurationPlatforms) = postSolution
		{DB02044E-BD7B-4EE0-90E6-626276AF66F1}.Debug|Any CPU.ActiveCfg = Debug|Any CPU
		{DB02044E-BD7B-4EE0-90E6-626276AF66F1}.Debug|Any CPU.Build.0 = Debug|Any CPU
		{DB02044E-BD7B-4EE0-90E6-626276AF66F1}.Release|Any CPU.ActiveCfg = Release|Any CPU
		{DB02044E-BD7B-4EE0-90E6-626276AF66F1}.Release|Any CPU.Build.0 = Release|Any CPU
	EndGlobalSection
	GlobalSection(SolutionProperties) = preSolution
		HideSolutionNode = FALSE
	EndGlobalSection
	GlobalSection(ExtensibilityGlobals) = postSolution
		SolutionGuid = {E5F9FC26-11E3-47EE-99AC-84531B796B5D}
	EndGlobalSection
EndGlobal
